
Microsoft Visual Studio Solution File, Format Version 12.00
# Visual Studio Version 17
VisualStudioVersion = 17.5.002.0
MinimumVisualStudioVersion = 10.0.40219.1
Project("{9A19103F-16F7-4668-BE54-9A1E7A4F7556}") = "PhoneBook", "PhoneBook.csproj", "{FA9E5BCE-5DB3-47D2-A5CC-266018A7AEA7}"
EndProject
Global
	GlobalSection(SolutionConfigurationPlatforms) = preSolution
		Debug|Any CPU = Debug|Any CPU
		Release|Any CPU = Release|Any CPU
	EndGlobalSection
	GlobalSection(ProjectConfigurationPlatforms) = postSolution
		{FA9E5BCE-5DB3-47D2-A5CC-266018A7AEA7}.Debug|Any CPU.ActiveCfg = Debug|Any CPU
		{FA9E5BCE-5DB3-47D2-A5CC-266018A7AEA7}.Debug|Any CPU.Build.0 = Debug|Any CPU
		{FA9E5BCE-5DB3-47D2-A5CC-266018A7AEA7}.Release|Any CPU.ActiveCfg = Release|Any CPU
		{FA9E5BCE-5DB3-47D2-A5CC-266018A7AEA7}.Release|Any CPU.Build.0 = Release|Any CPU
	EndGlobalSection
	GlobalSection(SolutionProperties) = preSolution
		HideSolutionNode = FALSE
	EndGlobalSection
	GlobalSection(ExtensibilityGlobals) = postSolution
		SolutionGuid = {8F59B80C-CE1A-4ABD-BFA0-3B4F264DB5C2}
	EndGlobalSection
EndGlobal
